
Microsoft Visual Studio Solution File, Format Version 11.00
# Visual Studio 2010
# SharpDevelop 4.4
Project("{FAE04EC0-301F-11D3-BF4B-00C04F79EFBC}") = "MRMaintenance", "MRMaintenance\MRMaintenance.csproj", "{18431E8D-8ED5-4C18-8195-B8230573B68C}"
EndProject
Global
	GlobalSection(SolutionConfigurationPlatforms) = preSolution
		Debug|Any CPU = Debug|Any CPU
		Release|Any CPU = Release|Any CPU
	EndGlobalSection
	GlobalSection(ProjectConfigurationPlatforms) = postSolution
		{18431E8D-8ED5-4C18-8195-B8230573B68C}.Debug|Any CPU.Build.0 = Debug|Any CPU
		{18431E8D-8ED5-4C18-8195-B8230573B68C}.Debug|Any CPU.ActiveCfg = Debug|Any CPU
		{18431E8D-8ED5-4C18-8195-B8230573B68C}.Release|Any CPU.Build.0 = Release|Any CPU
		{18431E8D-8ED5-4C18-8195-B8230573B68C}.Release|Any CPU.ActiveCfg = Release|Any CPU
	EndGlobalSection
EndGlobal
